// !$*UTF8*$!
{
	archiveVersion = 1;
	classes = {
	};
	objectVersion = 48;
	objects = {

/* Begin PBXBuildFile section */
		074008351FD5816000912C47 /* pageviewcontroller.swift in Sources */ = {isa = PBXBuildFile; fileRef = 074008341FD5816000912C47 /* pageviewcontroller.swift */; };
		075F14341FCC040F004EFCCF /* AppDelegate.swift in Sources */ = {isa = PBXBuildFile; fileRef = 075F14331FCC040F004EFCCF /* AppDelegate.swift */; };
		075F14361FCC040F004EFCCF /* ViewController.swift in Sources */ = {isa = PBXBuildFile; fileRef = 075F14351FCC040F004EFCCF /* ViewController.swift */; };
		075F14391FCC0410004EFCCF /* Main.storyboard in Resources */ = {isa = PBXBuildFile; fileRef = 075F14371FCC0410004EFCCF /* Main.storyboard */; };
		075F143E1FCC0410004EFCCF /* LaunchScreen.storyboard in Resources */ = {isa = PBXBuildFile; fileRef = 075F143C1FCC0410004EFCCF /* LaunchScreen.storyboard */; };
		075F14491FCC0410004EFCCF /* Gotham_City_e_bookTests.swift in Sources */ = {isa = PBXBuildFile; fileRef = 075F14481FCC0410004EFCCF /* Gotham_City_e_bookTests.swift */; };
		075F14541FCC0410004EFCCF /* Gotham_City_e_bookUITests.swift in Sources */ = {isa = PBXBuildFile; fileRef = 075F14531FCC0410004EFCCF /* Gotham_City_e_bookUITests.swift */; };
		0775D3191FD67D2400B7A4A1 /* season1.swift in Sources */ = {isa = PBXBuildFile; fileRef = 0775D3181FD67D2400B7A4A1 /* season1.swift */; };
		0775D31B1FD67D3600B7A4A1 /* season2.swift in Sources */ = {isa = PBXBuildFile; fileRef = 0775D31A1FD67D3600B7A4A1 /* season2.swift */; };
		0775D31D1FD67D4400B7A4A1 /* season3.swift in Sources */ = {isa = PBXBuildFile; fileRef = 0775D31C1FD67D4400B7A4A1 /* season3.swift */; };
		0775D31F1FD67D5400B7A4A1 /* season4.swift in Sources */ = {isa = PBXBuildFile; fileRef = 0775D31E1FD67D5400B7A4A1 /* season4.swift */; };
		0775D3251FD685B200B7A4A1 /* AVKit.framework in Frameworks */ = {isa = PBXBuildFile; fileRef = 0775D3231FD6859A00B7A4A1 /* AVKit.framework */; };
		0775D3261FD685BC00B7A4A1 /* AVFoundation.framework in Frameworks */ = {isa = PBXBuildFile; fileRef = 0775D3241FD6859A00B7A4A1 /* AVFoundation.framework */; };
		0775D32C1FD686B600B7A4A1 /* Gotham - Season 1 Preview.mp4 in Resources */ = {isa = PBXBuildFile; fileRef = 0775D3281FD686B400B7A4A1 /* Gotham - Season 1 Preview.mp4 */; };
		0775D32D1FD686B600B7A4A1 /* Gotham Season 4 Dark Knight Trailer (HD).mp4 in Resources */ = {isa = PBXBuildFile; fileRef = 0775D3291FD686B400B7A4A1 /* Gotham Season 4 Dark Knight Trailer (HD).mp4 */; };
		0775D32E1FD686B600B7A4A1 /* Gotham - Season 3 _ official trailer (2016) Comic-Con SDCC.mp4 in Resources */ = {isa = PBXBuildFile; fileRef = 0775D32A1FD686B500B7A4A1 /* Gotham - Season 3 _ official trailer (2016) Comic-Con SDCC.mp4 */; };
		0775D32F1FD686B600B7A4A1 /* Gotham Season 2 New York Comic-Con Trailer (HD).mp4 in Resources */ = {isa = PBXBuildFile; fileRef = 0775D32B1FD686B600B7A4A1 /* Gotham Season 2 New York Comic-Con Trailer (HD).mp4 */; };
		0775D3311FD6954700B7A4A1 /* character.swift in Sources */ = {isa = PBXBuildFile; fileRef = 0775D3301FD6954700B7A4A1 /* character.swift */; };
		0775D3331FD69D3A00B7A4A1 /* TableViewCell.swift in Sources */ = {isa = PBXBuildFile; fileRef = 0775D3321FD69D3A00B7A4A1 /* TableViewCell.swift */; };
		07779F771FD90942001BE20A /* role1.swift in Sources */ = {isa = PBXBuildFile; fileRef = 07779F761FD90942001BE20A /* role1.swift */; };
		0778C3271FCEA8FE006161A4 /* Assets.xcassets in Resources */ = {isa = PBXBuildFile; fileRef = 0778C3261FCEA8FE006161A4 /* Assets.xcassets */; };
		0778C3281FCEA8FE006161A4 /* Assets.xcassets in Resources */ = {isa = PBXBuildFile; fileRef = 0778C3261FCEA8FE006161A4 /* Assets.xcassets */; };
		0778C3291FCEA8FE006161A4 /* Assets.xcassets in Resources */ = {isa = PBXBuildFile; fileRef = 0778C3261FCEA8FE006161A4 /* Assets.xcassets */; };
		0778C32C1FCEB203006161A4 /* SentyGoldenBell.ttf in Resources */ = {isa = PBXBuildFile; fileRef = 0778C32B1FCEB203006161A4 /* SentyGoldenBell.ttf */; };
		0784191F1FD00F1100F2AC34 /* 腾祥铁山楷书繁.ttf in Resources */ = {isa = PBXBuildFile; fileRef = 0784191E1FD00F1100F2AC34 /* 腾祥铁山楷书繁.ttf */; };
/* End PBXBuildFile section */

/* Begin PBXContainerItemProxy section */
		075F14451FCC0410004EFCCF /* PBXContainerItemProxy */ = {
			isa = PBXContainerItemProxy;
			containerPortal = 075F14281FCC040F004EFCCF /* Project object */;
			proxyType = 1;
			remoteGlobalIDString = 075F142F1FCC040F004EFCCF;
			remoteInfo = "Gotham City e book";
		};
		075F14501FCC0410004EFCCF /* PBXContainerItemProxy */ = {
			isa = PBXContainerItemProxy;
			containerPortal = 075F14281FCC040F004EFCCF /* Project object */;
			proxyType = 1;
			remoteGlobalIDString = 075F142F1FCC040F004EFCCF;
			remoteInfo = "Gotham City e book";
		};
/* End PBXContainerItemProxy section */

/* Begin PBXFileReference section */
		074008341FD5816000912C47 /* pageviewcontroller.swift */ = {isa = PBXFileReference; lastKnownFileType = sourcecode.swift; path = pageviewcontroller.swift; sourceTree = "<group>"; };
		075F14301FCC040F004EFCCF /* Gotham City e book.app */ = {isa = PBXFileReference; explicitFileType = wrapper.application; includeInIndex = 0; path = "Gotham City e book.app"; sourceTree = BUILT_PRODUCTS_DIR; };
		075F14331FCC040F004EFCCF /* AppDelegate.swift */ = {isa = PBXFileReference; lastKnownFileType = sourcecode.swift; path = AppDelegate.swift; sourceTree = "<group>"; };
		075F14351FCC040F004EFCCF /* ViewController.swift */ = {isa = PBXFileReference; lastKnownFileType = sourcecode.swift; path = ViewController.swift; sourceTree = "<group>"; };
		075F14381FCC0410004EFCCF /* Base */ = {isa = PBXFileReference; lastKnownFileType = file.storyboard; name = Base; path = Base.lproj/Main.storyboard; sourceTree = "<group>"; };
		075F143D1FCC0410004EFCCF /* Base */ = {isa = PBXFileReference; lastKnownFileType = file.storyboard; name = Base; path = Base.lproj/LaunchScreen.storyboard; sourceTree = "<group>"; };
		075F143F1FCC0410004EFCCF /* Info.plist */ = {isa = PBXFileReference; lastKnownFileType = text.plist.xml; path = Info.plist; sourceTree = "<group>"; };
		075F14441FCC0410004EFCCF /* Gotham City e bookTests.xctest */ = {isa = PBXFileReference; explicitFileType = wrapper.cfbundle; includeInIndex = 0; path = "Gotham City e bookTests.xctest"; sourceTree = BUILT_PRODUCTS_DIR; };
		075F14481FCC0410004EFCCF /* Gotham_City_e_bookTests.swift */ = {isa = PBXFileReference; lastKnownFileType = sourcecode.swift; path = Gotham_City_e_bookTests.swift; sourceTree = "<group>"; };
		075F144A1FCC0410004EFCCF /* Info.plist */ = {isa = PBXFileReference; lastKnownFileType = text.plist.xml; path = Info.plist; sourceTree = "<group>"; };
		075F144F1FCC0410004EFCCF /* Gotham City e bookUITests.xctest */ = {isa = PBXFileReference; explicitFileType = wrapper.cfbundle; includeInIndex = 0; path = "Gotham City e bookUITests.xctest"; sourceTree = BUILT_PRODUCTS_DIR; };
		075F14531FCC0410004EFCCF /* Gotham_City_e_bookUITests.swift */ = {isa = PBXFileReference; lastKnownFileType = sourcecode.swift; path = Gotham_City_e_bookUITests.swift; sourceTree = "<group>"; };
		075F14551FCC0410004EFCCF /* Info.plist */ = {isa = PBXFileReference; lastKnownFileType = text.plist.xml; path = Info.plist; sourceTree = "<group>"; };
		0775D3181FD67D2400B7A4A1 /* season1.swift */ = {isa = PBXFileReference; lastKnownFileType = sourcecode.swift; path = season1.swift; sourceTree = "<group>"; };
		0775D31A1FD67D3600B7A4A1 /* season2.swift */ = {isa = PBXFileReference; lastKnownFileType = sourcecode.swift; path = season2.swift; sourceTree = "<group>"; };
		0775D31C1FD67D4400B7A4A1 /* season3.swift */ = {isa = PBXFileReference; lastKnownFileType = sourcecode.swift; path = season3.swift; sourceTree = "<group>"; };
		0775D31E1FD67D5400B7A4A1 /* season4.swift */ = {isa = PBXFileReference; lastKnownFileType = sourcecode.swift; path = season4.swift; sourceTree = "<group>"; };
		0775D3231FD6859A00B7A4A1 /* AVKit.framework */ = {isa = PBXFileReference; lastKnownFileType = wrapper.framework; name = AVKit.framework; path = System/Library/Frameworks/AVKit.framework; sourceTree = SDKROOT; };
		0775D3241FD6859A00B7A4A1 /* AVFoundation.framework */ = {isa = PBXFileReference; lastKnownFileType = wrapper.framework; name = AVFoundation.framework; path = System/Library/Frameworks/AVFoundation.framework; sourceTree = SDKROOT; };
		0775D3281FD686B400B7A4A1 /* Gotham - Season 1 Preview.mp4 */ = {isa = PBXFileReference; lastKnownFileType = file; path = "Gotham - Season 1 Preview.mp4"; sourceTree = "<group>"; };
		0775D3291FD686B400B7A4A1 /* Gotham Season 4 Dark Knight Trailer (HD).mp4 */ = {isa = PBXFileReference; lastKnownFileType = file; path = "Gotham Season 4 Dark Knight Trailer (HD).mp4"; sourceTree = "<group>"; };
		0775D32A1FD686B500B7A4A1 /* Gotham - Season 3 _ official trailer (2016) Comic-Con SDCC.mp4 */ = {isa = PBXFileReference; lastKnownFileType = file; path = "Gotham - Season 3 _ official trailer (2016) Comic-Con SDCC.mp4"; sourceTree = "<group>"; };
		0775D32B1FD686B600B7A4A1 /* Gotham Season 2 New York Comic-Con Trailer (HD).mp4 */ = {isa = PBXFileReference; lastKnownFileType = file; path = "Gotham Season 2 New York Comic-Con Trailer (HD).mp4"; sourceTree = "<group>"; };
		0775D3301FD6954700B7A4A1 /* character.swift */ = {isa = PBXFileReference; lastKnownFileType = sourcecode.swift; path = character.swift; sourceTree = "<group>"; };
		0775D3321FD69D3A00B7A4A1 /* TableViewCell.swift */ = {isa = PBXFileReference; lastKnownFileType = sourcecode.swift; path = TableViewCell.swift; sourceTree = "<group>"; };
		07779F761FD90942001BE20A /* role1.swift */ = {isa = PBXFileReference; lastKnownFileType = sourcecode.swift; path = role1.swift; sourceTree = "<group>"; };
		0778C3261FCEA8FE006161A4 /* Assets.xcassets */ = {isa = PBXFileReference; lastKnownFileType = folder.assetcatalog; path = Assets.xcassets; sourceTree = SOURCE_ROOT; };
		0778C32B1FCEB203006161A4 /* SentyGoldenBell.ttf */ = {isa = PBXFileReference; lastKnownFileType = file; path = SentyGoldenBell.ttf; sourceTree = "<group>"; };
		0784191E1FD00F1100F2AC34 /* 腾祥铁山楷书繁.ttf */ = {isa = PBXFileReference; lastKnownFileType = file; path = "腾祥铁山楷书繁.ttf"; sourceTree = "<group>"; };
/* End PBXFileReference section */

/* Begin PBXFrameworksBuildPhase section */
		075F142D1FCC040F004EFCCF /* Frameworks */ = {
			isa = PBXFrameworksBuildPhase;
			buildActionMask = 2147483647;
			files = (
				0775D3261FD685BC00B7A4A1 /* AVFoundation.framework in Frameworks */,
				0775D3251FD685B200B7A4A1 /* AVKit.framework in Frameworks */,
			);
			runOnlyForDeploymentPostprocessing = 0;
		};
		075F14411FCC0410004EFCCF /* Frameworks */ = {
			isa = PBXFrameworksBuildPhase;
			buildActionMask = 2147483647;
			files = (
			);
			runOnlyForDeploymentPostprocessing = 0;
		};
		075F144C1FCC0410004EFCCF /* Frameworks */ = {
			isa = PBXFrameworksBuildPhase;
			buildActionMask = 2147483647;
			files = (
			);
			runOnlyForDeploymentPostprocessing = 0;
		};
/* End PBXFrameworksBuildPhase section */

/* Begin PBXGroup section */
		075F14271FCC040F004EFCCF = {
			isa = PBXGroup;
			children = (
				0775D3271FD6867F00B7A4A1 /* preview movie */,
				0778C32A1FCEB18B006161A4 /*  Font */,
				075F14321FCC040F004EFCCF /* Gotham City e book */,
				075F14471FCC0410004EFCCF /* Gotham City e bookTests */,
				075F14521FCC0410004EFCCF /* Gotham City e bookUITests */,
				075F14311FCC040F004EFCCF /* Products */,
				0775D3221FD6859A00B7A4A1 /* Frameworks */,
			);
			sourceTree = "<group>";
		};
		075F14311FCC040F004EFCCF /* Products */ = {
			isa = PBXGroup;
			children = (
				075F14301FCC040F004EFCCF /* Gotham City e book.app */,
				075F14441FCC0410004EFCCF /* Gotham City e bookTests.xctest */,
				075F144F1FCC0410004EFCCF /* Gotham City e bookUITests.xctest */,
			);
			name = Products;
			sourceTree = "<group>";
		};
		075F14321FCC040F004EFCCF /* Gotham City e book */ = {
			isa = PBXGroup;
			children = (
				075F14331FCC040F004EFCCF /* AppDelegate.swift */,
				075F14351FCC040F004EFCCF /* ViewController.swift */,
				0778C3261FCEA8FE006161A4 /* Assets.xcassets */,
				075F14371FCC0410004EFCCF /* Main.storyboard */,
				075F143C1FCC0410004EFCCF /* LaunchScreen.storyboard */,
				075F143F1FCC0410004EFCCF /* Info.plist */,
				074008341FD5816000912C47 /* pageviewcontroller.swift */,
				0775D3181FD67D2400B7A4A1 /* season1.swift */,
				0775D31A1FD67D3600B7A4A1 /* season2.swift */,
				0775D31C1FD67D4400B7A4A1 /* season3.swift */,
				0775D31E1FD67D5400B7A4A1 /* season4.swift */,
				0775D3301FD6954700B7A4A1 /* character.swift */,
				0775D3321FD69D3A00B7A4A1 /* TableViewCell.swift */,
				07779F761FD90942001BE20A /* role1.swift */,
			);
			path = "Gotham City e book";
			sourceTree = "<group>";
		};
		075F14471FCC0410004EFCCF /* Gotham City e bookTests */ = {
			isa = PBXGroup;
			children = (
				075F14481FCC0410004EFCCF /* Gotham_City_e_bookTests.swift */,
				075F144A1FCC0410004EFCCF /* Info.plist */,
			);
			path = "Gotham City e bookTests";
			sourceTree = "<group>";
		};
		075F14521FCC0410004EFCCF /* Gotham City e bookUITests */ = {
			isa = PBXGroup;
			children = (
				075F14531FCC0410004EFCCF /* Gotham_City_e_bookUITests.swift */,
				075F14551FCC0410004EFCCF /* Info.plist */,
			);
			path = "Gotham City e bookUITests";
			sourceTree = "<group>";
		};
		0775D3221FD6859A00B7A4A1 /* Frameworks */ = {
			isa = PBXGroup;
			children = (
				0775D3241FD6859A00B7A4A1 /* AVFoundation.framework */,
				0775D3231FD6859A00B7A4A1 /* AVKit.framework */,
			);
			name = Frameworks;
			sourceTree = "<group>";
		};
		0775D3271FD6867F00B7A4A1 /* preview movie */ = {
			isa = PBXGroup;
			children = (
				0775D3281FD686B400B7A4A1 /* Gotham - Season 1 Preview.mp4 */,
				0775D32A1FD686B500B7A4A1 /* Gotham - Season 3 _ official trailer (2016) Comic-Con SDCC.mp4 */,
				0775D32B1FD686B600B7A4A1 /* Gotham Season 2 New York Comic-Con Trailer (HD).mp4 */,
				0775D3291FD686B400B7A4A1 /* Gotham Season 4 Dark Knight Trailer (HD).mp4 */,
			);
			path = "preview movie";
			sourceTree = "<group>";
		};
		0778C32A1FCEB18B006161A4 /*  Font */ = {
			isa = PBXGroup;
			children = (
				0784191E1FD00F1100F2AC34 /* 腾祥铁山楷书繁.ttf */,
				0778C32B1FCEB203006161A4 /* SentyGoldenBell.ttf */,
			);
			path = " Font";
			sourceTree = "<group>";
		};
/* End PBXGroup section */

/* Begin PBXNativeTarget section */
		075F142F1FCC040F004EFCCF /* Gotham City e book */ = {
			isa = PBXNativeTarget;
			buildConfigurationList = 075F14581FCC0410004EFCCF /* Build configuration list for PBXNativeTarget "Gotham City e book" */;
			buildPhases = (
				075F142C1FCC040F004EFCCF /* Sources */,
				075F142D1FCC040F004EFCCF /* Frameworks */,
				075F142E1FCC040F004EFCCF /* Resources */,
			);
			buildRules = (
			);
			dependencies = (
			);
			name = "Gotham City e book";
			productName = "Gotham City e book";
			productReference = 075F14301FCC040F004EFCCF /* Gotham City e book.app */;
			productType = "com.apple.product-type.application";
		};
		075F14431FCC0410004EFCCF /* Gotham City e bookTests */ = {
			isa = PBXNativeTarget;
			buildConfigurationList = 075F145B1FCC0410004EFCCF /* Build configuration list for PBXNativeTarget "Gotham City e bookTests" */;
			buildPhases = (
				075F14401FCC0410004EFCCF /* Sources */,
				075F14411FCC0410004EFCCF /* Frameworks */,
				075F14421FCC0410004EFCCF /* Resources */,
			);
			buildRules = (
			);
			dependencies = (
				075F14461FCC0410004EFCCF /* PBXTargetDependency */,
			);
			name = "Gotham City e bookTests";
			productName = "Gotham City e bookTests";
			productReference = 075F14441FCC0410004EFCCF /* Gotham City e bookTests.xctest */;
			productType = "com.apple.product-type.bundle.unit-test";
		};
		075F144E1FCC0410004EFCCF /* Gotham City e bookUITests */ = {
			isa = PBXNativeTarget;
			buildConfigurationList = 075F145E1FCC0410004EFCCF /* Build configuration list for PBXNativeTarget "Gotham City e bookUITests" */;
			buildPhases = (
				075F144B1FCC0410004EFCCF /* Sources */,
				075F144C1FCC0410004EFCCF /* Frameworks */,
				075F144D1FCC0410004EFCCF /* Resources */,
			);
			buildRules = (
			);
			dependencies = (
				075F14511FCC0410004EFCCF /* PBXTargetDependency */,
			);
			name = "Gotham City e bookUITests";
			productName = "Gotham City e bookUITests";
			productReference = 075F144F1FCC0410004EFCCF /* Gotham City e bookUITests.xctest */;
			productType = "com.apple.product-type.bundle.ui-testing";
		};
/* End PBXNativeTarget section */

/* Begin PBXProject section */
		075F14281FCC040F004EFCCF /* Project object */ = {
			isa = PBXProject;
			attributes = {
				LastSwiftUpdateCheck = 0910;
				LastUpgradeCheck = 0910;
				ORGANIZATIONNAME = "江培瑋";
				TargetAttributes = {
					075F142F1FCC040F004EFCCF = {
						CreatedOnToolsVersion = 9.1;
						ProvisioningStyle = Automatic;
					};
					075F14431FCC0410004EFCCF = {
						CreatedOnToolsVersion = 9.1;
						ProvisioningStyle = Automatic;
						TestTargetID = 075F142F1FCC040F004EFCCF;
					};
					075F144E1FCC0410004EFCCF = {
						CreatedOnToolsVersion = 9.1;
						ProvisioningStyle = Automatic;
						TestTargetID = 075F142F1FCC040F004EFCCF;
					};
				};
			};
			buildConfigurationList = 075F142B1FCC040F004EFCCF /* Build configuration list for PBXProject "Gotham City e book" */;
			compatibilityVersion = "Xcode 8.0";
			developmentRegion = en;
			hasScannedForEncodings = 0;
			knownRegions = (
				en,
				Base,
			);
			mainGroup = 075F14271FCC040F004EFCCF;
			productRefGroup = 075F14311FCC040F004EFCCF /* Products */;
			projectDirPath = "";
			projectRoot = "";
			targets = (
				075F142F1FCC040F004EFCCF /* Gotham City e book */,
				075F14431FCC0410004EFCCF /* Gotham City e bookTests */,
				075F144E1FCC0410004EFCCF /* Gotham City e bookUITests */,
			);
		};
/* End PBXProject section */

/* Begin PBXResourcesBuildPhase section */
		075F142E1FCC040F004EFCCF /* Resources */ = {
			isa = PBXResourcesBuildPhase;
			buildActionMask = 2147483647;
			files = (
				0784191F1FD00F1100F2AC34 /* 腾祥铁山楷书繁.ttf in Resources */,
				0775D32D1FD686B600B7A4A1 /* Gotham Season 4 Dark Knight Trailer (HD).mp4 in Resources */,
				075F143E1FCC0410004EFCCF /* LaunchScreen.storyboard in Resources */,
				0778C3271FCEA8FE006161A4 /* Assets.xcassets in Resources */,
				0775D32E1FD686B600B7A4A1 /* Gotham - Season 3 _ official trailer (2016) Comic-Con SDCC.mp4 in Resources */,
				0778C32C1FCEB203006161A4 /* SentyGoldenBell.ttf in Resources */,
				0775D32F1FD686B600B7A4A1 /* Gotham Season 2 New York Comic-Con Trailer (HD).mp4 in Resources */,
				075F14391FCC0410004EFCCF /* Main.storyboard in Resources */,
				0775D32C1FD686B600B7A4A1 /* Gotham - Season 1 Preview.mp4 in Resources */,
			);
			runOnlyForDeploymentPostprocessing = 0;
		};
		075F14421FCC0410004EFCCF /* Resources */ = {
			isa = PBXResourcesBuildPhase;
			buildActionMask = 2147483647;
			files = (
				0778C3281FCEA8FE006161A4 /* Assets.xcassets in Resources */,
			);
			runOnlyForDeploymentPostprocessing = 0;
		};
		075F144D1FCC0410004EFCCF /* Resources */ = {
			isa = PBXResourcesBuildPhase;
			buildActionMask = 2147483647;
			files = (
				0778C3291FCEA8FE006161A4 /* Assets.xcassets in Resources */,
			);
			runOnlyForDeploymentPostprocessing = 0;
		};
/* End PBXResourcesBuildPhase section */

/* Begin PBXSourcesBuildPhase section */
		075F142C1FCC040F004EFCCF /* Sources */ = {
			isa = PBXSourcesBuildPhase;
			buildActionMask = 2147483647;
			files = (
				075F14361FCC040F004EFCCF /* ViewController.swift in Sources */,
				07779F771FD90942001BE20A /* role1.swift in Sources */,
				075F14341FCC040F004EFCCF /* AppDelegate.swift in Sources */,
				0775D3191FD67D2400B7A4A1 /* season1.swift in Sources */,
				0775D3331FD69D3A00B7A4A1 /* TableViewCell.swift in Sources */,
				0775D3311FD6954700B7A4A1 /* character.swift in Sources */,
				074008351FD5816000912C47 /* pageviewcontroller.swift in Sources */,
				0775D31D1FD67D4400B7A4A1 /* season3.swift in Sources */,
				0775D31F1FD67D5400B7A4A1 /* season4.swift in Sources */,
				0775D31B1FD67D3600B7A4A1 /* season2.swift in Sources */,
			);
			runOnlyForDeploymentPostprocessing = 0;
		};
		075F14401FCC0410004EFCCF /* Sources */ = {
			isa = PBXSourcesBuildPhase;
			buildActionMask = 2147483647;
			files = (
				075F14491FCC0410004EFCCF /* Gotham_City_e_bookTests.swift in Sources */,
			);
			runOnlyForDeploymentPostprocessing = 0;
		};
		075F144B1FCC0410004EFCCF /* Sources */ = {
			isa = PBXSourcesBuildPhase;
			buildActionMask = 2147483647;
			files = (
				075F14541FCC0410004EFCCF /* Gotham_City_e_bookUITests.swift in Sources */,
			);
			runOnlyForDeploymentPostprocessing = 0;
		};
/* End PBXSourcesBuildPhase section */

/* Begin PBXTargetDependency section */
		075F14461FCC0410004EFCCF /* PBXTargetDependency */ = {
			isa = PBXTargetDependency;
			target = 075F142F1FCC040F004EFCCF /* Gotham City e book */;
			targetProxy = 075F14451FCC0410004EFCCF /* PBXContainerItemProxy */;
		};
		075F14511FCC0410004EFCCF /* PBXTargetDependency */ = {
			isa = PBXTargetDependency;
			target = 075F142F1FCC040F004EFCCF /* Gotham City e book */;
			targetProxy = 075F14501FCC0410004EFCCF /* PBXContainerItemProxy */;
		};
/* End PBXTargetDependency section */

/* Begin PBXVariantGroup section */
		075F14371FCC0410004EFCCF /* Main.storyboard */ = {
			isa = PBXVariantGroup;
			children = (
				075F14381FCC0410004EFCCF /* Base */,
			);
			name = Main.storyboard;
			sourceTree = "<group>";
		};
		075F143C1FCC0410004EFCCF /* LaunchScreen.storyboard */ = {
			isa = PBXVariantGroup;
			children = (
				075F143D1FCC0410004EFCCF /* Base */,
			);
			name = LaunchScreen.storyboard;
			sourceTree = "<group>";
		};
/* End PBXVariantGroup section */

/* Begin XCBuildConfiguration section */
		075F14561FCC0410004EFCCF /* Debug */ = {
			isa = XCBuildConfiguration;
			buildSettings = {
				ALWAYS_SEARCH_USER_PATHS = NO;
				CLANG_ANALYZER_NONNULL = YES;
				CLANG_ANALYZER_NUMBER_OBJECT_CONVERSION = YES_AGGRESSIVE;
				CLANG_CXX_LANGUAGE_STANDARD = "gnu++14";
				CLANG_CXX_LIBRARY = "libc++";
				CLANG_ENABLE_MODULES = YES;
				CLANG_ENABLE_OBJC_ARC = YES;
				CLANG_WARN_BLOCK_CAPTURE_AUTORELEASING = YES;
				CLANG_WARN_BOOL_CONVERSION = YES;
				CLANG_WARN_COMMA = YES;
				CLANG_WARN_CONSTANT_CONVERSION = YES;
				CLANG_WARN_DIRECT_OBJC_ISA_USAGE = YES_ERROR;
				CLANG_WARN_DOCUMENTATION_COMMENTS = YES;
				CLANG_WARN_EMPTY_BODY = YES;
				CLANG_WARN_ENUM_CONVERSION = YES;
				CLANG_WARN_INFINITE_RECURSION = YES;
				CLANG_WARN_INT_CONVERSION = YES;
				CLANG_WARN_NON_LITERAL_NULL_CONVERSION = YES;
				CLANG_WARN_OBJC_LITERAL_CONVERSION = YES;
				CLANG_WARN_OBJC_ROOT_CLASS = YES_ERROR;
				CLANG_WARN_RANGE_LOOP_ANALYSIS = YES;
				CLANG_WARN_STRICT_PROTOTYPES = YES;
				CLANG_WARN_SUSPICIOUS_MOVE = YES;
				CLANG_WARN_UNGUARDED_AVAILABILITY = YES_AGGRESSIVE;
				CLANG_WARN_UNREACHABLE_CODE = YES;
				CLANG_WARN__DUPLICATE_METHOD_MATCH = YES;
				CODE_SIGN_IDENTITY = "iPhone Developer";
				COPY_PHASE_STRIP = NO;
				DEBUG_INFORMATION_FORMAT = dwarf;
				ENABLE_STRICT_OBJC_MSGSEND = YES;
				ENABLE_TESTABILITY = YES;
				GCC_C_LANGUAGE_STANDARD = gnu11;
				GCC_DYNAMIC_NO_PIC = NO;
				GCC_NO_COMMON_BLOCKS = YES;
				GCC_OPTIMIZATION_LEVEL = 0;
				GCC_PREPROCESSOR_DEFINITIONS = (
					"DEBUG=1",
					"$(inherited)",
				);
				GCC_WARN_64_TO_32_BIT_CONVERSION = YES;
				GCC_WARN_ABOUT_RETURN_TYPE = YES_ERROR;
				GCC_WARN_UNDECLARED_SELECTOR = YES;
				GCC_WARN_UNINITIALIZED_AUTOS = YES_AGGRESSIVE;
				GCC_WARN_UNUSED_FUNCTION = YES;
				GCC_WARN_UNUSED_VARIABLE = YES;
				IPHONEOS_DEPLOYMENT_TARGET = 11.1;
				MTL_ENABLE_DEBUG_INFO = YES;
				ONLY_ACTIVE_ARCH = YES;
				SDKROOT = iphoneos;
				SWIFT_ACTIVE_COMPILATION_CONDITIONS = DEBUG;
				SWIFT_OPTIMIZATION_LEVEL = "-Onone";
			};
			name = Debug;
		};
		075F14571FCC0410004EFCCF /* Release */ = {
			isa = XCBuildConfiguration;
			buildSettings = {
				ALWAYS_SEARCH_USER_PATHS = NO;
				CLANG_ANALYZER_NONNULL = YES;
				CLANG_ANALYZER_NUMBER_OBJECT_CONVERSION = YES_AGGRESSIVE;
				CLANG_CXX_LANGUAGE_STANDARD = "gnu++14";
				CLANG_CXX_LIBRARY = "libc++";
				CLANG_ENABLE_MODULES = YES;
				CLANG_ENABLE_OBJC_ARC = YES;
				CLANG_WARN_BLOCK_CAPTURE_AUTORELEASING = YES;
				CLANG_WARN_BOOL_CONVERSION = YES;
				CLANG_WARN_COMMA = YES;
				CLANG_WARN_CONSTANT_CONVERSION = YES;
				CLANG_WARN_DIRECT_OBJC_ISA_USAGE = YES_ERROR;
				CLANG_WARN_DOCUMENTATION_COMMENTS = YES;
				CLANG_WARN_EMPTY_BODY = YES;
				CLANG_WARN_ENUM_CONVERSION = YES;
				CLANG_WARN_INFINITE_RECURSION = YES;
				CLANG_WARN_INT_CONVERSION = YES;
				CLANG_WARN_NON_LITERAL_NULL_CONVERSION = YES;
				CLANG_WARN_OBJC_LITERAL_CONVERSION = YES;
				CLANG_WARN_OBJC_ROOT_CLASS = YES_ERROR;
				CLANG_WARN_RANGE_LOOP_ANALYSIS = YES;
				CLANG_WARN_STRICT_PROTOTYPES = YES;
				CLANG_WARN_SUSPICIOUS_MOVE = YES;
				CLANG_WARN_UNGUARDED_AVAILABILITY = YES_AGGRESSIVE;
				CLANG_WARN_UNREACHABLE_CODE = YES;
				CLANG_WARN__DUPLICATE_METHOD_MATCH = YES;
				CODE_SIGN_IDENTITY = "iPhone Developer";
				COPY_PHASE_STRIP = NO;
				DEBUG_INFORMATION_FORMAT = "dwarf-with-dsym";
				ENABLE_NS_ASSERTIONS = NO;
				ENABLE_STRICT_OBJC_MSGSEND = YES;
				GCC_C_LANGUAGE_STANDARD = gnu11;
				GCC_NO_COMMON_BLOCKS = YES;
				GCC_WARN_64_TO_32_BIT_CONVERSION = YES;
				GCC_WARN_ABOUT_RETURN_TYPE = YES_ERROR;
				GCC_WARN_UNDECLARED_SELECTOR = YES;
				GCC_WARN_UNINITIALIZED_AUTOS = YES_AGGRESSIVE;
				GCC_WARN_UNUSED_FUNCTION = YES;
				GCC_WARN_UNUSED_VARIABLE = YES;
				IPHONEOS_DEPLOYMENT_TARGET = 11.1;
				MTL_ENABLE_DEBUG_INFO = NO;
				SDKROOT = iphoneos;
				SWIFT_OPTIMIZATION_LEVEL = "-Owholemodule";
				VALIDATE_PRODUCT = YES;
			};
			name = Release;
		};
		075F14591FCC0410004EFCCF /* Debug */ = {
			isa = XCBuildConfiguration;
			buildSettings = {
				ASSETCATALOG_COMPILER_APPICON_NAME = AppIcon;
				CODE_SIGN_STYLE = Automatic;
				DEVELOPMENT_TEAM = V36DN36XUL;
				INFOPLIST_FILE = "Gotham City e book/Info.plist";
				LD_RUNPATH_SEARCH_PATHS = "$(inherited) @executable_path/Frameworks";
				PRODUCT_BUNDLE_IDENTIFIER = "allen.Gotham-City-e-book";
				PRODUCT_NAME = "$(TARGET_NAME)";
				SWIFT_VERSION = 4.0;
				TARGETED_DEVICE_FAMILY = "1,2";
			};
			name = Debug;
		};
		075F145A1FCC0410004EFCCF /* Release */ = {
			isa = XCBuildConfiguration;
			buildSettings = {
				ASSETCATALOG_COMPILER_APPICON_NAME = AppIcon;
				CODE_SIGN_STYLE = Automatic;
				DEVELOPMENT_TEAM = V36DN36XUL;
				INFOPLIST_FILE = "Gotham City e book/Info.plist";
				LD_RUNPATH_SEARCH_PATHS = "$(inherited) @executable_path/Frameworks";
				PRODUCT_BUNDLE_IDENTIFIER = "allen.Gotham-City-e-book";
				PRODUCT_NAME = "$(TARGET_NAME)";
				SWIFT_VERSION = 4.0;
				TARGETED_DEVICE_FAMILY = "1,2";
			};
			name = Release;
		};
		075F145C1FCC0410004EFCCF /* Debug */ = {
			isa = XCBuildConfiguration;
			buildSettings = {
				ALWAYS_EMBED_SWIFT_STANDARD_LIBRARIES = YES;
				BUNDLE_LOADER = "$(TEST_HOST)";
				CODE_SIGN_STYLE = Automatic;
				DEVELOPMENT_TEAM = V36DN36XUL;
				INFOPLIST_FILE = "Gotham City e bookTests/Info.plist";
				LD_RUNPATH_SEARCH_PATHS = "$(inherited) @executable_path/Frameworks @loader_path/Frameworks";
				PRODUCT_BUNDLE_IDENTIFIER = "allen.Gotham-City-e-bookTests";
				PRODUCT_NAME = "$(TARGET_NAME)";
				SWIFT_VERSION = 4.0;
				TARGETED_DEVICE_FAMILY = "1,2";
				TEST_HOST = "$(BUILT_PRODUCTS_DIR)/Gotham City e book.app/Gotham City e book";
			};
			name = Debug;
		};
		075F145D1FCC0410004EFCCF /* Release */ = {
			isa = XCBuildConfiguration;
			buildSettings = {
				ALWAYS_EMBED_SWIFT_STANDARD_LIBRARIES = YES;
				BUNDLE_LOADER = "$(TEST_HOST)";
				CODE_SIGN_STYLE = Automatic;
				DEVELOPMENT_TEAM = V36DN36XUL;
				INFOPLIST_FILE = "Gotham City e bookTests/Info.plist";
				LD_RUNPATH_SEARCH_PATHS = "$(inherited) @executable_path/Frameworks @loader_path/Frameworks";
				PRODUCT_BUNDLE_IDENTIFIER = "allen.Gotham-City-e-bookTests";
				PRODUCT_NAME = "$(TARGET_NAME)";
				SWIFT_VERSION = 4.0;
				TARGETED_DEVICE_FAMILY = "1,2";
				TEST_HOST = "$(BUILT_PRODUCTS_DIR)/Gotham City e book.app/Gotham City e book";
			};
			name = Release;
		};
		075F145F1FCC0410004EFCCF /* Debug */ = {
			isa = XCBuildConfiguration;
			buildSettings = {
				ALWAYS_EMBED_SWIFT_STANDARD_LIBRARIES = YES;
				CODE_SIGN_STYLE = Automatic;
				DEVELOPMENT_TEAM = V36DN36XUL;
				INFOPLIST_FILE = "Gotham City e bookUITests/Info.plist";
				LD_RUNPATH_SEARCH_PATHS = "$(inherited) @executable_path/Frameworks @loader_path/Frameworks";
				PRODUCT_BUNDLE_IDENTIFIER = "allen.Gotham-City-e-bookUITests";
				PRODUCT_NAME = "$(TARGET_NAME)";
				SWIFT_VERSION = 4.0;
				TARGETED_DEVICE_FAMILY = "1,2";
				TEST_TARGET_NAME = "Gotham City e book";
			};
			name = Debug;
		};
		075F14601FCC0410004EFCCF /* Release */ = {
			isa = XCBuildConfiguration;
			buildSettings = {
				ALWAYS_EMBED_SWIFT_STANDARD_LIBRARIES = YES;
				CODE_SIGN_STYLE = Automatic;
				DEVELOPMENT_TEAM = V36DN36XUL;
				INFOPLIST_FILE = "Gotham City e bookUITests/Info.plist";
				LD_RUNPATH_SEARCH_PATHS = "$(inherited) @executable_path/Frameworks @loader_path/Frameworks";
				PRODUCT_BUNDLE_IDENTIFIER = "allen.Gotham-City-e-bookUITests";
				PRODUCT_NAME = "$(TARGET_NAME)";
				SWIFT_VERSION = 4.0;
				TARGETED_DEVICE_FAMILY = "1,2";
				TEST_TARGET_NAME = "Gotham City e book";
			};
			name = Release;
		};
/* End XCBuildConfiguration section */

/* Begin XCConfigurationList section */
		075F142B1FCC040F004EFCCF /* Build configuration list for PBXProject "Gotham City e book" */ = {
			isa = XCConfigurationList;
			buildConfigurations = (
				075F14561FCC0410004EFCCF /* Debug */,
				075F14571FCC0410004EFCCF /* Release */,
			);
			defaultConfigurationIsVisible = 0;
			defaultConfigurationName = Release;
		};
		075F14581FCC0410004EFCCF /* Build configuration list for PBXNativeTarget "Gotham City e book" */ = {
			isa = XCConfigurationList;
			buildConfigurations = (
				075F14591FCC0410004EFCCF /* Debug */,
				075F145A1FCC0410004EFCCF /* Release */,
			);
			defaultConfigurationIsVisible = 0;
			defaultConfigurationName = Release;
		};
		075F145B1FCC0410004EFCCF /* Build configuration list for PBXNativeTarget "Gotham City e bookTests" */ = {
			isa = XCConfigurationList;
			buildConfigurations = (
				075F145C1FCC0410004EFCCF /* Debug */,
				075F145D1FCC0410004EFCCF /* Release */,
			);
			defaultConfigurationIsVisible = 0;
			defaultConfigurationName = Release;
		};
		075F145E1FCC0410004EFCCF /* Build configuration list for PBXNativeTarget "Gotham City e bookUITests" */ = {
			isa = XCConfigurationList;
			buildConfigurations = (
				075F145F1FCC0410004EFCCF /* Debug */,
				075F14601FCC0410004EFCCF /* Release */,
			);
			defaultConfigurationIsVisible = 0;
			defaultConfigurationName = Release;
		};
/* End XCConfigurationList section */
	};
	rootObject = 075F14281FCC040F004EFCCF /* Project object */;
}
